
Microsoft Visual Studio Solution File, Format Version 12.00
# Visual Studio Version 16
VisualStudioVersion = 16.0.30011.22
MinimumVisualStudioVersion = 10.0.40219.1
Project("{FAE04EC0-301F-11D3-BF4B-00C04F79EFBC}") = "Bdv.ScanData", "Bdv.ScanData\Bdv.ScanData.csproj", "{191E72DF-DC27-475A-8A16-55ACB3392959}"
EndProject
Project("{2150E333-8FDC-42A3-9474-1A3956D46DE8}") = "Tests", "Tests", "{21856F70-DCCE-455F-8CFF-1038F7705724}"
EndProject
Project("{FAE04EC0-301F-11D3-BF4B-00C04F79EFBC}") = "Bdv.ScanData.Tests", "Bdv.ScanData.Tests\Bdv.ScanData.Tests.csproj", "{DC21A2FD-E7EE-49DC-AA2B-2FE96A72B4B3}"
EndProject
Global
	GlobalSection(SolutionConfigurationPlatforms) = preSolution
		Debug|Any CPU = Debug|Any CPU
		Release|Any CPU = Release|Any CPU
	EndGlobalSection
	GlobalSection(ProjectConfigurationPlatforms) = postSolution
		{191E72DF-DC27-475A-8A16-55ACB3392959}.Debug|Any CPU.ActiveCfg = Debug|Any CPU
		{191E72DF-DC27-475A-8A16-55ACB3392959}.Debug|Any CPU.Build.0 = Debug|Any CPU
		{191E72DF-DC27-475A-8A16-55ACB3392959}.Release|Any CPU.ActiveCfg = Release|Any CPU
		{191E72DF-DC27-475A-8A16-55ACB3392959}.Release|Any CPU.Build.0 = Release|Any CPU
		{DC21A2FD-E7EE-49DC-AA2B-2FE96A72B4B3}.Debug|Any CPU.ActiveCfg = Debug|Any CPU
		{DC21A2FD-E7EE-49DC-AA2B-2FE96A72B4B3}.Debug|Any CPU.Build.0 = Debug|Any CPU
		{DC21A2FD-E7EE-49DC-AA2B-2FE96A72B4B3}.Release|Any CPU.ActiveCfg = Release|Any CPU
		{DC21A2FD-E7EE-49DC-AA2B-2FE96A72B4B3}.Release|Any CPU.Build.0 = Release|Any CPU
	EndGlobalSection
	GlobalSection(SolutionProperties) = preSolution
		HideSolutionNode = FALSE
	EndGlobalSection
	GlobalSection(NestedProjects) = preSolution
		{DC21A2FD-E7EE-49DC-AA2B-2FE96A72B4B3} = {21856F70-DCCE-455F-8CFF-1038F7705724}
	EndGlobalSection
	GlobalSection(ExtensibilityGlobals) = postSolution
		SolutionGuid = {EB925F64-B42E-4F54-938E-E4BF3EBD174D}
	EndGlobalSection
EndGlobal
